# THIS IS AN AUTOGENERATED FILE. DO NOT EDIT THIS FILE DIRECTLY.
# yarn lockfile v1


"@emnapi/core@^1.7.1", "@emnapi/core@^1.8.1":
  version "1.9.0"
  resolved "https://registry.yarnpkg.com/@emnapi/core/-/core-1.9.0.tgz#4a54213b208fcf288cce25076c74e0f7613e6100"
  integrity sha512-0DQ98G9ZQZOxfUcQn1waV2yS8aWdZ6kJMbYCJB3oUBecjWYO1fqJ+a1DRfPF3O5JEkwqwP1A9QEN/9mYm2Yd0w==
  dependencies:
    "@emnapi/wasi-threads" "1.2.0"
    tslib "^2.4.0"

"@emnapi/runtime@^1.7.1", "@emnapi/runtime@^1.8.1":
  version "1.9.0"
  resolved "https://registry.yarnpkg.com/@emnapi/runtime/-/runtime-1.9.0.tgz#91c54a6e77c36154c125e873409472e2b70efd5b"
  integrity sha512-QN75eB0IH2ywSpRpNddCRfQIhmJYBCJ1x5Lb3IscKAL8bMnVAKnRg8dCoXbHzVLLH7P38N2Z3mtulB7W0J0FKw==
  dependencies:
    tslib "^2.4.0"

"@emnapi/wasi-threads@1.2.0", "@emnapi/wasi-threads@^1.1.0":
  version "1.2.0"
  resolved "https://registry.yarnpkg.com/@emnapi/wasi-threads/-/wasi-threads-1.2.0.tgz#a19d9772cc3d195370bf6e2a805eec40aa75e18e"
  integrity sha512-N10dEJNSsUx41Z6pZsXU8FjPjpBEplgH24sfkmITrBED1/U2Esum9F3lfLrMjKHHjmi557zQn7kR9R+XWXu5Rg==
  dependencies:
    tslib "^2.4.0"

"@jridgewell/gen-mapping@^0.3.5":
  version "0.3.13"
  resolved "https://registry.yarnpkg.com/@jridgewell/gen-mapping/-/gen-mapping-0.3.13.tgz#6342a19f44347518c93e43b1ac69deb3c4656a1f"
  integrity sha512-2kkt/7niJ6MgEPxF0bYdQ6etZaA+fQvDcLKckhy1yIQOzaoKjBBjSj63/aLVjYE3qhRt5dvM+uUyfCg6UKCBbA==
  dependencies:
    "@jridgewell/sourcemap-codec" "^1.5.0"
    "@jridgewell/trace-mapping" "^0.3.24"

"@jridgewell/remapping@^2.3.4", "@jridgewell/remapping@^2.3.5":
  version "2.3.5"
  resolved "https://registry.yarnpkg.com/@jridgewell/remapping/-/remapping-2.3.5.tgz#375c476d1972947851ba1e15ae8f123047445aa1"
  integrity sha512-LI9u/+laYG4Ds1TDKSJW2YPrIlcVYOwi2fUC6xB43lueCjgxV4lffOCZCtYFiH6TNOX+tQKXx97T4IKHbhyHEQ==
  dependencies:
    "@jridgewell/gen-mapping" "^0.3.5"
    "@jridgewell/trace-mapping" "^0.3.24"

"@jridgewell/resolve-uri@^3.1.0":
  version "3.1.2"
  resolved "https://registry.yarnpkg.com/@jridgewell/resolve-uri/-/resolve-uri-3.1.2.tgz#7a0ee601f60f99a20c7c7c5ff0c80388c1189bd6"
  integrity sha512-bRISgCIjP20/tbWSPWMEi54QVPRZExkuD9lJL+UIxUKtwVJA8wW1Trb1jMs1RFXo1CBTNZ/5hpC9QvmKWdopKw==

"@jridgewell/sourcemap-codec@^1.4.14", "@jridgewell/sourcemap-codec@^1.4.15", "@jridgewell/sourcemap-codec@^1.5.0", "@jridgewell/sourcemap-codec@^1.5.5":
  version "1.5.5"
  resolved "https://registry.yarnpkg.com/@jridgewell/sourcemap-codec/-/sourcemap-codec-1.5.5.tgz#6912b00d2c631c0d15ce1a7ab57cd657f2a8f8ba"
  integrity sha512-cYQ9310grqxueWbl+WuIUIaiUaDcj7WOq5fVhEljNVgRfOUhY9fy2zTvfoqWsnebh8Sl70VScFbICvJnLKB0Og==

"@jridgewell/trace-mapping@^0.3.24", "@jridgewell/trace-mapping@^0.3.25":
  version "0.3.31"
  resolved "https://registry.yarnpkg.com/@jridgewell/trace-mapping/-/trace-mapping-0.3.31.tgz#db15d6781c931f3a251a3dac39501c98a6082fd0"
  integrity sha512-zzNR+SdQSDJzc8joaeP8QQoCQr8NuYx2dIIytl1QeBEZHJ9uW6hebsrYgbz8hJwUQao3TWCMtmfV8Nu1twOLAw==
  dependencies:
    "@jridgewell/resolve-uri" "^3.1.0"
    "@jridgewell/sourcemap-codec" "^1.4.14"

"@napi-rs/wasm-runtime@^1.1.1":
  version "1.1.1"
  resolved "https://registry.yarnpkg.com/@napi-rs/wasm-runtime/-/wasm-runtime-1.1.1.tgz#c3705ab549d176b8dc5172723d6156c3dc426af2"
  integrity sha512-p64ah1M1ld8xjWv3qbvFwHiFVWrq1yFvV4f7w+mzaqiR4IlSgkqhcRdHwsGgomwzBH51sRY4NEowLxnaBjcW/A==
  dependencies:
    "@emnapi/core" "^1.7.1"
    "@emnapi/runtime" "^1.7.1"
    "@tybys/wasm-util" "^0.10.1"

"@oxc-project/runtime@0.115.0":
  version "0.115.0"
  resolved "https://registry.yarnpkg.com/@oxc-project/runtime/-/runtime-0.115.0.tgz#5e8350088964e1d8e0c73cfccfc1d71ca2e2f4a2"
  integrity sha512-Rg8Wlt5dCbXhQnsXPrkOjL1DTSvXLgb2R/KYfnf1/K+R0k6UMLEmbQXPM+kwrWqSmWA2t0B1EtHy2/3zikQpvQ==

"@oxc-project/types@=0.115.0":
  version "0.115.0"
  resolved "https://registry.yarnpkg.com/@oxc-project/types/-/types-0.115.0.tgz#92a599543529bce45f8f2da77f40a124d63349dc"
  integrity sha512-4n91DKnebUS4yjUHl2g3/b2T+IUdCfmoZGhmwsovZCDaJSs+QkVAM+0AqqTxHSsHfeiMuueT75cZaZcT/m0pSw==

"@polka/url@^1.0.0-next.24":
  version "1.0.0-next.29"
  resolved "https://registry.yarnpkg.com/@polka/url/-/url-1.0.0-next.29.tgz#5a40109a1ab5f84d6fd8fc928b19f367cbe7e7b1"
  integrity sha512-wwQAWhWSuHaag8c4q/KN/vCoeOJYshAIvMQwD4GpSb3OiZklFfvAgmj0VCBBImRpuF/aFgIRzllXlVX93Jevww==

"@rolldown/binding-android-arm64@1.0.0-rc.9":
  version "1.0.0-rc.9"
  resolved "https://registry.yarnpkg.com/@rolldown/binding-android-arm64/-/binding-android-arm64-1.0.0-rc.9.tgz#4bbd28868564948c2bf04b3ca117a6828f95626c"
  integrity sha512-lcJL0bN5hpgJfSIz/8PIf02irmyL43P+j1pTCfbD1DbLkmGRuFIA4DD3B3ZOvGqG0XiVvRznbKtN0COQVaKUTg==

"@rolldown/binding-darwin-arm64@1.0.0-rc.9":
  version "1.0.0-rc.9"
  resolved "https://registry.yarnpkg.com/@rolldown/binding-darwin-arm64/-/binding-darwin-arm64-1.0.0-rc.9.tgz#80864a6997404f264cc7a216cad221fe6148705d"
  integrity sha512-J7Zk3kLYFsLtuH6U+F4pS2sYVzac0qkjcO5QxHS7OS7yZu2LRs+IXo+uvJ/mvpyUljDJ3LROZPoQfgBIpCMhdQ==

"@rolldown/binding-darwin-x64@1.0.0-rc.9":
  version "1.0.0-rc.9"
  resolved "https://registry.yarnpkg.com/@rolldown/binding-darwin-x64/-/binding-darwin-x64-1.0.0-rc.9.tgz#747b698878b6f44d817f87e9e3cb197b16076d2a"
  integrity sha512-iwtmmghy8nhfRGeNAIltcNXzD0QMNaaA5U/NyZc1Ia4bxrzFByNMDoppoC+hl7cDiUq5/1CnFthpT9n+UtfFyg==

"@rolldown/binding-freebsd-x64@1.0.0-rc.9":
  version "1.0.0-rc.9"
  resolved "https://registry.yarnpkg.com/@rolldown/binding-freebsd-x64/-/binding-freebsd-x64-1.0.0-rc.9.tgz#35c29d7c83aa75429c74d7d1ee9c7d3e61f4552c"
  integrity sha512-DLFYI78SCiZr5VvdEplsVC2Vx53lnA4/Ga5C65iyldMVaErr86aiqCoNBLl92PXPfDtUYjUh+xFFor40ueNs4Q==

"@rolldown/binding-linux-arm-gnueabihf@1.0.0-rc.9":
  version "1.0.0-rc.9"
  resolved "https://registry.yarnpkg.com/@rolldown/binding-linux-arm-gnueabihf/-/binding-linux-arm-gnueabihf-1.0.0-rc.9.tgz#36d2bcbcf07f17f18fb2df727a62f16e5295c816"
  integrity sha512-CsjTmTwd0Hri6iTw/DRMK7kOZ7FwAkrO4h8YWKoX/kcj833e4coqo2wzIFywtch/8Eb5enQ/lwLM7w6JX1W5RQ==

"@rolldown/binding-linux-arm64-gnu@1.0.0-rc.9":
  version "1.0.0-rc.9"
  resolved "https://registry.yarnpkg.com/@rolldown/binding-linux-arm64-gnu/-/binding-linux-arm64-gnu-1.0.0-rc.9.tgz#5b03c11f2b661a275f2d7628e4f456783e1b9f63"
  integrity sha512-2x9O2JbSPxpxMDhP9Z74mahAStibTlrBMW0520+epJH5sac7/LwZW5Bmg/E6CXuEF53JJFW509uP+lSedaUNxg==

"@rolldown/binding-linux-arm64-musl@1.0.0-rc.9":
  version "1.0.0-rc.9"
  resolved "https://registry.yarnpkg.com/@rolldown/binding-linux-arm64-musl/-/binding-linux-arm64-musl-1.0.0-rc.9.tgz#d3cbd1b1760d34b5789af89f4bcc09a1446d3eb5"
  integrity sha512-JA1QRW31ogheAIRhIg9tjMfsYbglXXYGNPLdPEYrwFxdbkQCAzvpSCSHCDWNl4hTtrol8WeboCSEpjdZK8qrCg==

"@rolldown/binding-linux-ppc64-gnu@1.0.0-rc.9":
  version "1.0.0-rc.9"
  resolved "https://registry.yarnpkg.com/@rolldown/binding-linux-ppc64-gnu/-/binding-linux-ppc64-gnu-1.0.0-rc.9.tgz#8e971e7f066b2c0876e20c9f6174d645f31efb84"
  integrity sha512-aOKU9dJheda8Kj8Y3w9gnt9QFOO+qKPAl8SWd7JPHP+Cu0EuDAE5wokQubLzIDQWg2myXq2XhTpOVS07qqvT+w==

"@rolldown/binding-linux-s390x-gnu@1.0.0-rc.9":
  version "1.0.0-rc.9"
  resolved "https://registry.yarnpkg.com/@rolldown/binding-linux-s390x-gnu/-/binding-linux-s390x-gnu-1.0.0-rc.9.tgz#e7283523780741f07a4441c7c8af5b2550faadf2"
  integrity sha512-OalO94fqj7IWRn3VdXWty75jC5dk4C197AWEuMhIpvVv2lw9fiPhud0+bW2ctCxb3YoBZor71QHbY+9/WToadA==

"@rolldown/binding-linux-x64-gnu@1.0.0-rc.9":
  version "1.0.0-rc.9"
  resolved "https://registry.yarnpkg.com/@rolldown/binding-linux-x64-gnu/-/binding-linux-x64-gnu-1.0.0-rc.9.tgz#da2302e079bb5f3a98edf75608621e94f1fb550e"
  integrity sha512-cVEl1vZtBsBZna3YMjGXNvnYYrOJ7RzuWvZU0ffvJUexWkukMaDuGhUXn0rjnV0ptzGVkvc+vW9Yqy6h8YX4pg==

"@rolldown/binding-linux-x64-musl@1.0.0-rc.9":
  version "1.0.0-rc.9"
  resolved "https://registry.yarnpkg.com/@rolldown/binding-linux-x64-musl/-/binding-linux-x64-musl-1.0.0-rc.9.tgz#3f27a620d56b93644fd1b6fad58fc2dbe93d5d71"
  integrity sha512-UzYnKCIIc4heAKgI4PZ3dfBGUZefGCJ1TPDuLHoCzgrMYPb5Rv6TLFuYtyM4rWyHM7hymNdsg5ik2C+UD9VDbA==

"@rolldown/binding-openharmony-arm64@1.0.0-rc.9":
  version "1.0.0-rc.9"
  resolved "https://registry.yarnpkg.com/@rolldown/binding-openharmony-arm64/-/binding-openharmony-arm64-1.0.0-rc.9.tgz#9c307777157d029aaf8db1a09221b9275dbe5547"
  integrity sha512-+6zoiF+RRyf5cdlFQP7nm58mq7+/2PFaY2DNQeD4B87N36JzfF/l9mdBkkmTvSYcYPE8tMh/o3cRlsx1ldLfog==

"@rolldown/binding-wasm32-wasi@1.0.0-rc.9":
  version "1.0.0-rc.9"
  resolved "https://registry.yarnpkg.com/@rolldown/binding-wasm32-wasi/-/binding-wasm32-wasi-1.0.0-rc.9.tgz#c3a82bef0ddd644efa74c050c26223f29f55039c"
  integrity sha512-rgFN6sA/dyebil3YTlL2evvi/M+ivhfnyxec7AccTpRPccno/rPoNlqybEZQBkcbZu8Hy+eqNJCqfBR8P7Pg8g==
  dependencies:
    "@napi-rs/wasm-runtime" "^1.1.1"

"@rolldown/binding-win32-arm64-msvc@1.0.0-rc.9":
  version "1.0.0-rc.9"
  resolved "https://registry.yarnpkg.com/@rolldown/binding-win32-arm64-msvc/-/binding-win32-arm64-msvc-1.0.0-rc.9.tgz#27e23cbd53b7095d0b66191ef999327b4684a6cf"
  integrity sha512-lHVNUG/8nlF1IQk1C0Ci574qKYyty2goMiPlRqkC5R+3LkXDkL5Dhx8ytbxq35m+pkHVIvIxviD+TWLdfeuadA==

"@rolldown/binding-win32-x64-msvc@1.0.0-rc.9":
  version "1.0.0-rc.9"
  resolved "https://registry.yarnpkg.com/@rolldown/binding-win32-x64-msvc/-/binding-win32-x64-msvc-1.0.0-rc.9.tgz#96046309142b398c9c2a9a0a052e7355535e69c8"
  integrity sha512-G0oA4+w1iY5AGi5HcDTxWsoxF509hrFIPB2rduV5aDqS9FtDg1CAfa7V34qImbjfhIcA8C+RekocJZA96EarwQ==

"@rolldown/pluginutils@1.0.0-rc.9":
  version "1.0.0-rc.9"
  resolved "https://registry.yarnpkg.com/@rolldown/pluginutils/-/pluginutils-1.0.0-rc.9.tgz#ddb28c13602aea5a5edf03532c28bbfc37c4b5e0"
  integrity sha512-w6oiRWgEBl04QkFZgmW+jnU1EC9b57Oihi2ot3HNWIQRqgHp5PnYDia5iZ5FF7rpa4EQdiqMDXjlqKGXBhsoXw==

"@standard-schema/spec@^1.0.0":
  version "1.1.0"
  resolved "https://registry.yarnpkg.com/@standard-schema/spec/-/spec-1.1.0.tgz#a79b55dbaf8604812f52d140b2c9ab41bc150bb8"
  integrity sha512-l2aFy5jALhniG5HgqrD6jXLi/rUWrKvqN/qJx6yoJsgKhblVd+iqqU4RCXavm/jPityDo5TCvKMnpjKnOriy0w==

"@sveltejs/acorn-typescript@^1.0.5":
  version "1.0.9"
  resolved "https://registry.yarnpkg.com/@sveltejs/acorn-typescript/-/acorn-typescript-1.0.9.tgz#ac0bde368d6623727b0e0bc568cf6b4e5d5c4baa"
  integrity sha512-lVJX6qEgs/4DOcRTpo56tmKzVPtoWAaVbL4hfO7t7NVwl9AAXzQR6cihesW1BmNMPl+bK6dreu2sOKBP2Q9CIA==

"@sveltejs/adapter-static@^3.0.10":
  version "3.0.10"
  resolved "https://registry.yarnpkg.com/@sveltejs/adapter-static/-/adapter-static-3.0.10.tgz#526ab78cd1d3a861dd0233e8ff34a204af40d595"
  integrity sha512-7D9lYFWJmB7zxZyTE/qxjksvMqzMuYrrsyh1f4AlZqeZeACPRySjbC3aFiY55wb1tWUaKOQG9PVbm74JcN2Iew==

"@sveltejs/kit@^2.49.1":
  version "2.55.0"
  resolved "https://registry.yarnpkg.com/@sveltejs/kit/-/kit-2.55.0.tgz#780c040a3d1bb354feb31ec6492ed5da86306a49"
  integrity sha512-MdFRjevVxmAknf2NbaUkDF16jSIzXMWd4Nfah0Qp8TtQVoSp3bV4jKt8mX7z7qTUTWvgSaxtR0EG5WJf53gcuA==
  dependencies:
    "@standard-schema/spec" "^1.0.0"
    "@sveltejs/acorn-typescript" "^1.0.5"
    "@types/cookie" "^0.6.0"
    acorn "^8.14.1"
    cookie "^0.6.0"
    devalue "^5.6.4"
    esm-env "^1.2.2"
    kleur "^4.1.5"
    magic-string "^0.30.5"
    mrmime "^2.0.0"
    set-cookie-parser "^3.0.0"
    sirv "^3.0.0"

"@sveltejs/vite-plugin-svelte-inspector@^5.0.0":
  version "5.0.2"
  resolved "https://registry.yarnpkg.com/@sveltejs/vite-plugin-svelte-inspector/-/vite-plugin-svelte-inspector-5.0.2.tgz#81302822c29d530cfe707c795cca014ef00e9c1e"
  integrity sha512-TZzRTcEtZffICSAoZGkPSl6Etsj2torOVrx6Uw0KpXxrec9Gg6jFWQ60Q3+LmNGfZSxHRCZL7vXVZIWmuV50Ig==
  dependencies:
    obug "^2.1.0"

"@sveltejs/vite-plugin-svelte@^6.2.1":
  version "6.2.4"
  resolved "https://registry.yarnpkg.com/@sveltejs/vite-plugin-svelte/-/vite-plugin-svelte-6.2.4.tgz#f3a1dac0eba70a053bd750e1a15f7fb1ae71fa4f"
  integrity sha512-ou/d51QSdTyN26D7h6dSpusAKaZkAiGM55/AKYi+9AGZw7q85hElbjK3kEyzXHhLSnRISHOYzVge6x0jRZ7DXA==
  dependencies:
    "@sveltejs/vite-plugin-svelte-inspector" "^5.0.0"
    deepmerge "^4.3.1"
    magic-string "^0.30.21"
    obug "^2.1.0"
    vitefu "^1.1.1"

"@tailwindcss/forms@^0.5.10":
  version "0.5.11"
  resolved "https://registry.yarnpkg.com/@tailwindcss/forms/-/forms-0.5.11.tgz#e77039e96fa7b87c3d001a991f77f9418e666700"
  integrity sha512-h9wegbZDPurxG22xZSoWtdzc41/OlNEUQERNqI/0fOwa2aVlWGu7C35E/x6LDyD3lgtztFSSjKZyuVM0hxhbgA==
  dependencies:
    mini-svg-data-uri "^1.2.3"

"@tailwindcss/node@4.2.1":
  version "4.2.1"
  resolved "https://registry.yarnpkg.com/@tailwindcss/node/-/node-4.2.1.tgz#e963ac242a885353a4660e7e3e9c695cde7d3fc9"
  integrity sha512-jlx6sLk4EOwO6hHe1oCGm1Q4AN/s0rSrTTPBGPM0/RQ6Uylwq17FuU8IeJJKEjtc6K6O07zsvP+gDO6MMWo7pg==
  dependencies:
    "@jridgewell/remapping" "^2.3.5"
    enhanced-resolve "^5.19.0"
    jiti "^2.6.1"
    lightningcss "1.31.1"
    magic-string "^0.30.21"
    source-map-js "^1.2.1"
    tailwindcss "4.2.1"

"@tailwindcss/oxide-android-arm64@4.2.1":
  version "4.2.1"
  resolved "https://registry.yarnpkg.com/@tailwindcss/oxide-android-arm64/-/oxide-android-arm64-4.2.1.tgz#a7c24919b607e7f884e6ab97799d12c7fb5b47bd"
  integrity sha512-eZ7G1Zm5EC8OOKaesIKuw77jw++QJ2lL9N+dDpdQiAB/c/B2wDh0QPFHbkBVrXnwNugvrbJFk1gK2SsVjwWReg==

"@tailwindcss/oxide-darwin-arm64@4.2.1":
  version "4.2.1"
  resolved "https://registry.yarnpkg.com/@tailwindcss/oxide-darwin-arm64/-/oxide-darwin-arm64-4.2.1.tgz#6f6e91ff0e1b5476cc0dad0da1ea8474f4563212"
  integrity sha512-q/LHkOstoJ7pI1J0q6djesLzRvQSIfEto148ppAd+BVQK0JYjQIFSK3JgYZJa+Yzi0DDa52ZsQx2rqytBnf8Hw==

"@tailwindcss/oxide-darwin-x64@4.2.1":
  version "4.2.1"
  resolved "https://registry.yarnpkg.com/@tailwindcss/oxide-darwin-x64/-/oxide-darwin-x64-4.2.1.tgz#1e59ef0665f6cb9e658bf0ebcb3cb50f21b2c175"
  integrity sha512-/f/ozlaXGY6QLbpvd/kFTro2l18f7dHKpB+ieXz+Cijl4Mt9AI2rTrpq7V+t04nK+j9XBQHnSMdeQRhbGyt6fw==

"@tailwindcss/oxide-freebsd-x64@4.2.1":
  version "4.2.1"
  resolved "https://registry.yarnpkg.com/@tailwindcss/oxide-freebsd-x64/-/oxide-freebsd-x64-4.2.1.tgz#6b0c75e9dac7f1a241cb9a5eaa89f0d9664835b6"
  integrity sha512-5e/AkgYJT/cpbkys/OU2Ei2jdETCLlifwm7ogMC7/hksI2fC3iiq6OcXwjibcIjPung0kRtR3TxEITkqgn0TcA==

"@tailwindcss/oxide-linux-arm-gnueabihf@4.2.1":
  version "4.2.1"
  resolved "https://registry.yarnpkg.com/@tailwindcss/oxide-linux-arm-gnueabihf/-/oxide-linux-arm-gnueabihf-4.2.1.tgz#717044d8fe746b1f0760485946c0c9a900174f7b"
  integrity sha512-Uny1EcVTTmerCKt/1ZuKTkb0x8ZaiuYucg2/kImO5A5Y/kBz41/+j0gxUZl+hTF3xkWpDmHX+TaWhOtba2Fyuw==

"@tailwindcss/oxide-linux-arm64-gnu@4.2.1":
  version "4.2.1"
  resolved "https://registry.yarnpkg.com/@tailwindcss/oxide-linux-arm64-gnu/-/oxide-linux-arm64-gnu-4.2.1.tgz#f544b0faf166d80791347911b2dd4372a893129d"
  integrity sha512-CTrwomI+c7n6aSSQlsPL0roRiNMDQ/YzMD9EjcR+H4f0I1SQ8QqIuPnsVp7QgMkC1Qi8rtkekLkOFjo7OlEFRQ==

"@tailwindcss/oxide-linux-arm64-musl@4.2.1":
  version "4.2.1"
  resolved "https://registry.yarnpkg.com/@tailwindcss/oxide-linux-arm64-musl/-/oxide-linux-arm64-musl-4.2.1.tgz#9fbaf8dc00b858a2b955526abb15d88f5678d1ef"
  integrity sha512-WZA0CHRL/SP1TRbA5mp9htsppSEkWuQ4KsSUumYQnyl8ZdT39ntwqmz4IUHGN6p4XdSlYfJwM4rRzZLShHsGAQ==

"@tailwindcss/oxide-linux-x64-gnu@4.2.1":
  version "4.2.1"
  resolved "https://registry.yarnpkg.com/@tailwindcss/oxide-linux-x64-gnu/-/oxide-linux-x64-gnu-4.2.1.tgz#6ab4e6b8d308d037a1155b8443df5941dbfa6aa1"
  integrity sha512-qMFzxI2YlBOLW5PhblzuSWlWfwLHaneBE0xHzLrBgNtqN6mWfs+qYbhryGSXQjFYB1Dzf5w+LN5qbUTPhW7Y5g==

"@tailwindcss/oxide-linux-x64-musl@4.2.1":
  version "4.2.1"
  resolved "https://registry.yarnpkg.com/@tailwindcss/oxide-linux-x64-musl/-/oxide-linux-x64-musl-4.2.1.tgz#52c55593394dff85f1fa88172f69f8fdcde182b6"
  integrity sha512-5r1X2FKnCMUPlXTWRYpHdPYUY6a1Ar/t7P24OuiEdEOmms5lyqjDRvVY1yy9Rmioh+AunQ0rWiOTPE8F9A3v5g==

"@tailwindcss/oxide-wasm32-wasi@4.2.1":
  version "4.2.1"
  resolved "https://registry.yarnpkg.com/@tailwindcss/oxide-wasm32-wasi/-/oxide-wasm32-wasi-4.2.1.tgz#7401e35f881d3654b6180badd1243d75a2702ea5"
  integrity sha512-MGFB5cVPvshR85MTJkEvqDUnuNoysrsRxd6vnk1Lf2tbiqNlXpHYZqkqOQalydienEWOHHFyyuTSYRsLfxFJ2Q==
  dependencies:
    "@emnapi/core" "^1.8.1"
    "@emnapi/runtime" "^1.8.1"
    "@emnapi/wasi-threads" "^1.1.0"
    "@napi-rs/wasm-runtime" "^1.1.1"
    "@tybys/wasm-util" "^0.10.1"
    tslib "^2.8.1"

"@tailwindcss/oxide-win32-arm64-msvc@4.2.1":
  version "4.2.1"
  resolved "https://registry.yarnpkg.com/@tailwindcss/oxide-win32-arm64-msvc/-/oxide-win32-arm64-msvc-4.2.1.tgz#63a502e7b696dcd976aa356b94ce0f4f8f832c44"
  integrity sha512-YlUEHRHBGnCMh4Nj4GnqQyBtsshUPdiNroZj8VPkvTZSoHsilRCwXcVKnG9kyi0ZFAS/3u+qKHBdDc81SADTRA==

"@tailwindcss/oxide-win32-x64-msvc@4.2.1":
  version "4.2.1"
  resolved "https://registry.yarnpkg.com/@tailwindcss/oxide-win32-x64-msvc/-/oxide-win32-x64-msvc-4.2.1.tgz#8cc59b28ebc4dc866c0c14d7057f07f0ed04c4a8"
  integrity sha512-rbO34G5sMWWyrN/idLeVxAZgAKWrn5LiR3/I90Q9MkA67s6T1oB0xtTe+0heoBvHSpbU9Mk7i6uwJnpo4u21XQ==

"@tailwindcss/oxide@4.2.1":
  version "4.2.1"
  resolved "https://registry.yarnpkg.com/@tailwindcss/oxide/-/oxide-4.2.1.tgz#43ae4217268a7e8b4736f1c056d0ef6f393c79d3"
  integrity sha512-yv9jeEFWnjKCI6/T3Oq50yQEOqmpmpfzG1hcZsAOaXFQPfzWprWrlHSdGPEF3WQTi8zu8ohC9Mh9J470nT5pUw==
  optionalDependencies:
    "@tailwindcss/oxide-android-arm64" "4.2.1"
    "@tailwindcss/oxide-darwin-arm64" "4.2.1"
    "@tailwindcss/oxide-darwin-x64" "4.2.1"
    "@tailwindcss/oxide-freebsd-x64" "4.2.1"
    "@tailwindcss/oxide-linux-arm-gnueabihf" "4.2.1"
    "@tailwindcss/oxide-linux-arm64-gnu" "4.2.1"
    "@tailwindcss/oxide-linux-arm64-musl" "4.2.1"
    "@tailwindcss/oxide-linux-x64-gnu" "4.2.1"
    "@tailwindcss/oxide-linux-x64-musl" "4.2.1"
    "@tailwindcss/oxide-wasm32-wasi" "4.2.1"
    "@tailwindcss/oxide-win32-arm64-msvc" "4.2.1"
    "@tailwindcss/oxide-win32-x64-msvc" "4.2.1"

"@tailwindcss/typography@^0.5.19":
  version "0.5.19"
  resolved "https://registry.yarnpkg.com/@tailwindcss/typography/-/typography-0.5.19.tgz#ecb734af2569681eb40932f09f60c2848b909456"
  integrity sha512-w31dd8HOx3k9vPtcQh5QHP9GwKcgbMp87j58qi6xgiBnFFtKEAgCWnDw4qUT8aHwkCp8bKvb/KGKWWHedP0AAg==
  dependencies:
    postcss-selector-parser "6.0.10"

"@tailwindcss/vite@^4.1.17":
  version "4.2.1"
  resolved "https://registry.yarnpkg.com/@tailwindcss/vite/-/vite-4.2.1.tgz#8e6cd2a270229bd54990b700ca6faf621eadc3c1"
  integrity sha512-TBf2sJjYeb28jD2U/OhwdW0bbOsxkWPwQ7SrqGf9sVcoYwZj7rkXljroBO9wKBut9XnmQLXanuDUeqQK0lGg/w==
  dependencies:
    "@tailwindcss/node" "4.2.1"
    "@tailwindcss/oxide" "4.2.1"
    tailwindcss "4.2.1"

"@tybys/wasm-util@^0.10.1":
  version "0.10.1"
  resolved "https://registry.yarnpkg.com/@tybys/wasm-util/-/wasm-util-0.10.1.tgz#ecddd3205cf1e2d5274649ff0eedd2991ed7f414"
  integrity sha512-9tTaPJLSiejZKx+Bmog4uSubteqTvFrVrURwkmHixBo0G4seD0zUxp98E1DzUBJxLQ3NPwXrGKDiVjwx/DpPsg==
  dependencies:
    tslib "^2.4.0"

"@types/cookie@^0.6.0":
  version "0.6.0"
  resolved "https://registry.yarnpkg.com/@types/cookie/-/cookie-0.6.0.tgz#eac397f28bf1d6ae0ae081363eca2f425bedf0d5"
  integrity sha512-4Kh9a6B2bQciAhf7FSuMRRkUWecJgJu9nPnx3yzpsfXX/c50REIqpHY4C82bXP90qrLtXtkDxTZosYO3UpOwlA==

"@types/estree@^1.0.5", "@types/estree@^1.0.6":
  version "1.0.8"
  resolved "https://registry.yarnpkg.com/@types/estree/-/estree-1.0.8.tgz#958b91c991b1867ced318bedea0e215ee050726e"
  integrity sha512-dWHzHa2WqEXI/O1E9OjrocMTKJl2mSrEolh1Iomrv6U+JuNwaHXsXx9bLu5gG7BUWFIN0skIQJQ/L1rIex4X6w==

"@types/trusted-types@^2.0.7":
  version "2.0.7"
  resolved "https://registry.yarnpkg.com/@types/trusted-types/-/trusted-types-2.0.7.tgz#baccb07a970b91707df3a3e8ba6896c57ead2d11"
  integrity sha512-ScaPdn1dQczgbl0QFTeTOmVHFULt394XJgOQNoyVhZ6r2vLnMLJfBPd53SB52T/3G36VI1/g2MZaX0cwDuXsfw==

"@typescript-eslint/types@^8.2.0":
  version "8.57.0"
  resolved "https://registry.yarnpkg.com/@typescript-eslint/types/-/types-8.57.0.tgz#4fa5385ffd1cd161fa5b9dce93e0493d491b8dc6"
  integrity sha512-dTLI8PEXhjUC7B9Kre+u0XznO696BhXcTlOn0/6kf1fHaQW8+VjJAVHJ3eTI14ZapTxdkOmc80HblPQLaEeJdg==

"@wailsio/runtime@^3.0.0-alpha.78":
  version "3.0.0-alpha.79"
  resolved "https://registry.yarnpkg.com/@wailsio/runtime/-/runtime-3.0.0-alpha.79.tgz#d43310f5b87dc46142756abf0973ba07277be66e"
  integrity sha512-NITzxKmJsMEruc39L166lbPJVECxzcbdqpHVqOOF7Cu/7Zqk/e3B/gNpkUjhNyo5rVb3V1wpS8oEgLUmpu1cwA==

acorn@^8.12.1, acorn@^8.14.1:
  version "8.16.0"
  resolved "https://registry.yarnpkg.com/acorn/-/acorn-8.16.0.tgz#4ce79c89be40afe7afe8f3adb902a1f1ce9ac08a"
  integrity sha512-UVJyE9MttOsBQIDKw1skb9nAwQuR5wuGD3+82K6JgJlm/Y+KI92oNsMNGZCYdDsVtRHSak0pcV5Dno5+4jh9sw==

aria-query@5.3.1:
  version "5.3.1"
  resolved "https://registry.yarnpkg.com/aria-query/-/aria-query-5.3.1.tgz#ebcb2c0d7fc43e68e4cb22f774d1209cb627ab42"
  integrity sha512-Z/ZeOgVl7bcSYZ/u/rh0fOpvEpq//LZmdbkXyc7syVzjPAhfOa9ebsdTSjEBDU4vs5nC98Kfduj1uFo0qyET3g==

axobject-query@^4.1.0:
  version "4.1.0"
  resolved "https://registry.yarnpkg.com/axobject-query/-/axobject-query-4.1.0.tgz#28768c76d0e3cff21bc62a9e2d0b6ac30042a1ee"
  integrity sha512-qIj0G9wZbMGNLjLmg1PT6v2mE9AH2zlnADJD/2tC6E00hgmhUOfEB6greHPAfLRSufHqROIUTkw6E+M3lH0PTQ==

chokidar@^4.0.1:
  version "4.0.3"
  resolved "https://registry.yarnpkg.com/chokidar/-/chokidar-4.0.3.tgz#7be37a4c03c9aee1ecfe862a4a23b2c70c205d30"
  integrity sha512-Qgzu8kfBvo+cA4962jnP1KkS6Dop5NS6g7R5LFYJr4b8Ub94PPQXUksCw9PvXoeXPRRddRNC5C1JQUR2SMGtnA==
  dependencies:
    readdirp "^4.0.1"

clsx@^2.1.1:
  version "2.1.1"
  resolved "https://registry.yarnpkg.com/clsx/-/clsx-2.1.1.tgz#eed397c9fd8bd882bfb18deab7102049a2f32999"
  integrity sha512-eYm0QWBtUrBWZWG0d386OGAw16Z995PiOVo2B7bjWSbHedGl5e0ZWaq65kOGgUSNesEIDkB9ISbTg/JK9dhCZA==

cookie@^0.6.0:
  version "0.6.0"
  resolved "https://registry.yarnpkg.com/cookie/-/cookie-0.6.0.tgz#2798b04b071b0ecbff0dbb62a505a8efa4e19051"
  integrity sha512-U71cyTamuh1CRNCfpGY6to28lxvNwPG4Guz/EVjgf3Jmzv0vlDp1atT9eS5dDjMYHucpHbWns6Lwf3BKz6svdw==

cssesc@^3.0.0:
  version "3.0.0"
  resolved "https://registry.yarnpkg.com/cssesc/-/cssesc-3.0.0.tgz#37741919903b868565e1c09ea747445cd18983ee"
  integrity sha512-/Tb/JcjK111nNScGob5MNtsntNM1aCNUDipB/TkwZFhyDrrE47SOx/18wF2bbjgc3ZzCSKW1T5nt5EbFoAz/Vg==

daisyui@^5.5.14:
  version "5.5.19"
  resolved "https://registry.yarnpkg.com/daisyui/-/daisyui-5.5.19.tgz#9aa962243c32c39d8e8f3eb187e48092bcd186fc"
  integrity sha512-pbFAkl1VCEh/MPCeclKL61I/MqRIFFhNU7yiXoDDRapXN4/qNCoMxeCCswyxEEhqL5eiTTfwHvucFtOE71C9sA==

deepmerge@^4.3.1:
  version "4.3.1"
  resolved "https://registry.yarnpkg.com/deepmerge/-/deepmerge-4.3.1.tgz#44b5f2147cd3b00d4b56137685966f26fd25dd4a"
  integrity sha512-3sUqbMEc77XqpdNO7FRyRog+eW3ph+GYCbj+rK+uYyRMuwsVy0rMiVtPn+QJlKFvWP/1PYpapqYn0Me2knFn+A==

detect-libc@^2.0.3:
  version "2.1.2"
  resolved "https://registry.yarnpkg.com/detect-libc/-/detect-libc-2.1.2.tgz#689c5dcdc1900ef5583a4cb9f6d7b473742074ad"
  integrity sha512-Btj2BOOO83o3WyH59e8MgXsxEQVcarkUOpEYrubB0urwnN10yQ364rsiByU11nZlqWYZm05i/of7io4mzihBtQ==

devalue@^5.6.4:
  version "5.6.4"
  resolved "https://registry.yarnpkg.com/devalue/-/devalue-5.6.4.tgz#aec6cdba0e4109543b40c94d46e2b87bf8af8de5"
  integrity sha512-Gp6rDldRsFh/7XuouDbxMH3Mx8GMCcgzIb1pDTvNyn8pZGQ22u+Wa+lGV9dQCltFQ7uVw0MhRyb8XDskNFOReA==

enhanced-resolve@^5.19.0:
  version "5.20.0"
  resolved "https://registry.yarnpkg.com/enhanced-resolve/-/enhanced-resolve-5.20.0.tgz#323c2a70d2aa7fb4bdfd6d3c24dfc705c581295d"
  integrity sha512-/ce7+jQ1PQ6rVXwe+jKEg5hW5ciicHwIQUagZkp6IufBoY3YDgdTTY1azVs0qoRgVmvsNB+rbjLJxDAeHHtwsQ==
  dependencies:
    graceful-fs "^4.2.4"
    tapable "^2.3.0"

esm-env@^1.2.1, esm-env@^1.2.2:
  version "1.2.2"
  resolved "https://registry.yarnpkg.com/esm-env/-/esm-env-1.2.2.tgz#263c9455c55861f41618df31b20cb571fc20b75e"
  integrity sha512-Epxrv+Nr/CaL4ZcFGPJIYLWFom+YeV1DqMLHJoEd9SYRxNbaFruBwfEX/kkHUJf55j2+TUbmDcmuilbP1TmXHA==

esrap@^2.2.2:
  version "2.2.4"
  resolved "https://registry.yarnpkg.com/esrap/-/esrap-2.2.4.tgz#3bbcf02a86333b332fac1e00653594048e9dafc5"
  integrity sha512-suICpxAmZ9A8bzJjEl/+rLJiDKC0X4gYWUxT6URAWBLvlXmtbZd5ySMu/N2ZGEtMCAmflUDPSehrP9BQcsGcSg==
  dependencies:
    "@jridgewell/sourcemap-codec" "^1.4.15"
    "@typescript-eslint/types" "^8.2.0"

fdir@^6.2.0, fdir@^6.5.0:
  version "6.5.0"
  resolved "https://registry.yarnpkg.com/fdir/-/fdir-6.5.0.tgz#ed2ab967a331ade62f18d077dae192684d50d350"
  integrity sha512-tIbYtZbucOs0BRGqPJkshJUYdL+SDH7dVM8gjy+ERp3WAUjLEFJE+02kanyHtwjWOnwrKYBiwAmM0p4kLJAnXg==

fsevents@~2.3.3:
  version "2.3.3"
  resolved "https://registry.yarnpkg.com/fsevents/-/fsevents-2.3.3.tgz#cac6407785d03675a2a5e1a5305c697b347d90d6"
  integrity sha512-5xoDfX+fL7faATnagmWPpbFtwh/R77WmMMqqHGS65C3vvB0YHrgF+B1YmZ3441tMj5n63k0212XNoJwzlhffQw==

graceful-fs@^4.2.4:
  version "4.2.11"
  resolved "https://registry.yarnpkg.com/graceful-fs/-/graceful-fs-4.2.11.tgz#4183e4e8bf08bb6e05bbb2f7d2e0c8f712ca40e3"
  integrity sha512-RbJ5/jmFcNNCcDV5o9eTnBLJ/HszWV0P73bc+Ff4nS/rJj+YaS6IGyiOL0VoBYX+l1Wrl3k63h/KrH+nhJ0XvQ==

is-reference@^3.0.3:
  version "3.0.3"
  resolved "https://registry.yarnpkg.com/is-reference/-/is-reference-3.0.3.tgz#9ef7bf9029c70a67b2152da4adf57c23d718910f"
  integrity sha512-ixkJoqQvAP88E6wLydLGGqCJsrFUnqoH6HnaczB8XmDH1oaWU+xxdptvikTgaEhtZ53Ky6YXiBuUI2WXLMCwjw==
  dependencies:
    "@types/estree" "^1.0.6"

jiti@^2.6.1:
  version "2.6.1"
  resolved "https://registry.yarnpkg.com/jiti/-/jiti-2.6.1.tgz#178ef2fc9a1a594248c20627cd820187a4d78d92"
  integrity sha512-ekilCSN1jwRvIbgeg/57YFh8qQDNbwDb9xT/qu2DAHbFFZUicIl4ygVaAvzveMhMVr3LnpSKTNnwt8PoOfmKhQ==

kleur@^4.1.5:
  version "4.1.5"
  resolved "https://registry.yarnpkg.com/kleur/-/kleur-4.1.5.tgz#95106101795f7050c6c650f350c683febddb1780"
  integrity sha512-o+NO+8WrRiQEE4/7nwRJhN1HWpVmJm511pBHUxPLtp0BUISzlBplORYSmTclCnJvQq2tKu/sgl3xVpkc7ZWuQQ==

lightningcss-android-arm64@1.31.1:
  version "1.31.1"
  resolved "https://registry.yarnpkg.com/lightningcss-android-arm64/-/lightningcss-android-arm64-1.31.1.tgz#609ff48332adff452a8157a7c2842fd692a8eac4"
  integrity sha512-HXJF3x8w9nQ4jbXRiNppBCqeZPIAfUo8zE/kOEGbW5NZvGc/K7nMxbhIr+YlFlHW5mpbg/YFPdbnCh1wAXCKFg==

lightningcss-android-arm64@1.32.0:
  version "1.32.0"
  resolved "https://registry.yarnpkg.com/lightningcss-android-arm64/-/lightningcss-android-arm64-1.32.0.tgz#f033885116dfefd9c6f54787523e3514b61e1968"
  integrity sha512-YK7/ClTt4kAK0vo6w3X+Pnm0D2cf2vPHbhOXdoNti1Ga0al1P4TBZhwjATvjNwLEBCnKvjJc2jQgHXH0NEwlAg==

lightningcss-darwin-arm64@1.31.1:
  version "1.31.1"
  resolved "https://registry.yarnpkg.com/lightningcss-darwin-arm64/-/lightningcss-darwin-arm64-1.31.1.tgz#a13da040a7929582bab3ace9a67bdc146e99fc2d"
  integrity sha512-02uTEqf3vIfNMq3h/z2cJfcOXnQ0GRwQrkmPafhueLb2h7mqEidiCzkE4gBMEH65abHRiQvhdcQ+aP0D0g67sg==

lightningcss-darwin-arm64@1.32.0:
  version "1.32.0"
  resolved "https://registry.yarnpkg.com/lightningcss-darwin-arm64/-/lightningcss-darwin-arm64-1.32.0.tgz#50b71871b01c8199584b649e292547faea7af9b5"
  integrity sha512-RzeG9Ju5bag2Bv1/lwlVJvBE3q6TtXskdZLLCyfg5pt+HLz9BqlICO7LZM7VHNTTn/5PRhHFBSjk5lc4cmscPQ==

lightningcss-darwin-x64@1.31.1:
  version "1.31.1"
  resolved "https://registry.yarnpkg.com/lightningcss-darwin-x64/-/lightningcss-darwin-x64-1.31.1.tgz#f7482c311273571ec0c2bd8277c1f5f6e90e03a4"
  integrity sha512-1ObhyoCY+tGxtsz1lSx5NXCj3nirk0Y0kB/g8B8DT+sSx4G9djitg9ejFnjb3gJNWo7qXH4DIy2SUHvpoFwfTA==

lightningcss-darwin-x64@1.32.0:
  version "1.32.0"
  resolved "https://registry.yarnpkg.com/lightningcss-darwin-x64/-/lightningcss-darwin-x64-1.32.0.tgz#35f3e97332d130b9ca181e11b568ded6aebc6d5e"
  integrity sha512-U+QsBp2m/s2wqpUYT/6wnlagdZbtZdndSmut/NJqlCcMLTWp5muCrID+K5UJ6jqD2BFshejCYXniPDbNh73V8w==

lightningcss-freebsd-x64@1.31.1:
  version "1.31.1"
  resolved "https://registry.yarnpkg.com/lightningcss-freebsd-x64/-/lightningcss-freebsd-x64-1.31.1.tgz#91df1bb290f1cb7bb2af832d7d0d8809225e0124"
  integrity sha512-1RINmQKAItO6ISxYgPwszQE1BrsVU5aB45ho6O42mu96UiZBxEXsuQ7cJW4zs4CEodPUioj/QrXW1r9pLUM74A==

lightningcss-freebsd-x64@1.32.0:
  version "1.32.0"
  resolved "https://registry.yarnpkg.com/lightningcss-freebsd-x64/-/lightningcss-freebsd-x64-1.32.0.tgz#9777a76472b64ed6ff94342ad64c7bafd794a575"
  integrity sha512-JCTigedEksZk3tHTTthnMdVfGf61Fky8Ji2E4YjUTEQX14xiy/lTzXnu1vwiZe3bYe0q+SpsSH/CTeDXK6WHig==

lightningcss-linux-arm-gnueabihf@1.31.1:
  version "1.31.1"
  resolved "https://registry.yarnpkg.com/lightningcss-linux-arm-gnueabihf/-/lightningcss-linux-arm-gnueabihf-1.31.1.tgz#c3cad5ae8b70045f21600dc95295ab6166acf57e"
  integrity sha512-OOCm2//MZJ87CdDK62rZIu+aw9gBv4azMJuA8/KB74wmfS3lnC4yoPHm0uXZ/dvNNHmnZnB8XLAZzObeG0nS1g==

lightningcss-linux-arm-gnueabihf@1.32.0:
  version "1.32.0"
  resolved "https://registry.yarnpkg.com/lightningcss-linux-arm-gnueabihf/-/lightningcss-linux-arm-gnueabihf-1.32.0.tgz#13ae652e1ab73b9135d7b7da172f666c410ad53d"
  integrity sha512-x6rnnpRa2GL0zQOkt6rts3YDPzduLpWvwAF6EMhXFVZXD4tPrBkEFqzGowzCsIWsPjqSK+tyNEODUBXeeVHSkw==

lightningcss-linux-arm64-gnu@1.31.1:
  version "1.31.1"
  resolved "https://registry.yarnpkg.com/lightningcss-linux-arm64-gnu/-/lightningcss-linux-arm64-gnu-1.31.1.tgz#a5c4f6a5ac77447093f61b209c0bd7fef1f0a3e3"
  integrity sha512-WKyLWztD71rTnou4xAD5kQT+982wvca7E6QoLpoawZ1gP9JM0GJj4Tp5jMUh9B3AitHbRZ2/H3W5xQmdEOUlLg==

lightningcss-linux-arm64-gnu@1.32.0:
  version "1.32.0"
  resolved "https://registry.yarnpkg.com/lightningcss-linux-arm64-gnu/-/lightningcss-linux-arm64-gnu-1.32.0.tgz#417858795a94592f680123a1b1f9da8a0e1ef335"
  integrity sha512-0nnMyoyOLRJXfbMOilaSRcLH3Jw5z9HDNGfT/gwCPgaDjnx0i8w7vBzFLFR1f6CMLKF8gVbebmkUN3fa/kQJpQ==

lightningcss-linux-arm64-musl@1.31.1:
  version "1.31.1"
  resolved "https://registry.yarnpkg.com/lightningcss-linux-arm64-musl/-/lightningcss-linux-arm64-musl-1.31.1.tgz#af26ab8f829b727ada0a200938a6c8796ff36900"
  integrity sha512-mVZ7Pg2zIbe3XlNbZJdjs86YViQFoJSpc41CbVmKBPiGmC4YrfeOyz65ms2qpAobVd7WQsbW4PdsSJEMymyIMg==

lightningcss-linux-arm64-musl@1.32.0:
  version "1.32.0"
  resolved "https://registry.yarnpkg.com/lightningcss-linux-arm64-musl/-/lightningcss-linux-arm64-musl-1.32.0.tgz#6be36692e810b718040802fd809623cffe732133"
  integrity sha512-UpQkoenr4UJEzgVIYpI80lDFvRmPVg6oqboNHfoH4CQIfNA+HOrZ7Mo7KZP02dC6LjghPQJeBsvXhJod/wnIBg==

lightningcss-linux-x64-gnu@1.31.1:
  version "1.31.1"
  resolved "https://registry.yarnpkg.com/lightningcss-linux-x64-gnu/-/lightningcss-linux-x64-gnu-1.31.1.tgz#a891d44e84b71c0d88959feb9a7522bbf61450ee"
  integrity sha512-xGlFWRMl+0KvUhgySdIaReQdB4FNudfUTARn7q0hh/V67PVGCs3ADFjw+6++kG1RNd0zdGRlEKa+T13/tQjPMA==

lightningcss-linux-x64-gnu@1.32.0:
  version "1.32.0"
  resolved "https://registry.yarnpkg.com/lightningcss-linux-x64-gnu/-/lightningcss-linux-x64-gnu-1.32.0.tgz#0b7803af4eb21cfd38dd39fe2abbb53c7dd091f6"
  integrity sha512-V7Qr52IhZmdKPVr+Vtw8o+WLsQJYCTd8loIfpDaMRWGUZfBOYEJeyJIkqGIDMZPwPx24pUMfwSxxI8phr/MbOA==

lightningcss-linux-x64-musl@1.31.1:
  version "1.31.1"
  resolved "https://registry.yarnpkg.com/lightningcss-linux-x64-musl/-/lightningcss-linux-x64-musl-1.31.1.tgz#8c8b21def851f4d477fa897b80cb3db2b650bc6e"
  integrity sha512-eowF8PrKHw9LpoZii5tdZwnBcYDxRw2rRCyvAXLi34iyeYfqCQNA9rmUM0ce62NlPhCvof1+9ivRaTY6pSKDaA==

lightningcss-linux-x64-musl@1.32.0:
  version "1.32.0"
  resolved "https://registry.yarnpkg.com/lightningcss-linux-x64-musl/-/lightningcss-linux-x64-musl-1.32.0.tgz#88dc8ba865ddddb1ac5ef04b0f161804418c163b"
  integrity sha512-bYcLp+Vb0awsiXg/80uCRezCYHNg1/l3mt0gzHnWV9XP1W5sKa5/TCdGWaR/zBM2PeF/HbsQv/j2URNOiVuxWg==

lightningcss-win32-arm64-msvc@1.31.1:
  version "1.31.1"
  resolved "https://registry.yarnpkg.com/lightningcss-win32-arm64-msvc/-/lightningcss-win32-arm64-msvc-1.31.1.tgz#79000fb8c57e94a91b8fc643e74d5a54407d7080"
  integrity sha512-aJReEbSEQzx1uBlQizAOBSjcmr9dCdL3XuC/6HLXAxmtErsj2ICo5yYggg1qOODQMtnjNQv2UHb9NpOuFtYe4w==

lightningcss-win32-arm64-msvc@1.32.0:
  version "1.32.0"
  resolved "https://registry.yarnpkg.com/lightningcss-win32-arm64-msvc/-/lightningcss-win32-arm64-msvc-1.32.0.tgz#4f30ba3fa5e925f5b79f945e8cc0d176c3b1ab38"
  integrity sha512-8SbC8BR40pS6baCM8sbtYDSwEVQd4JlFTOlaD3gWGHfThTcABnNDBda6eTZeqbofalIJhFx0qKzgHJmcPTnGdw==

lightningcss-win32-x64-msvc@1.31.1:
  version "1.31.1"
  resolved "https://registry.yarnpkg.com/lightningcss-win32-x64-msvc/-/lightningcss-win32-x64-msvc-1.31.1.tgz#7f025274c81c7d659829731e09c8b6f442209837"
  integrity sha512-I9aiFrbd7oYHwlnQDqr1Roz+fTz61oDDJX7n9tYF9FJymH1cIN1DtKw3iYt6b8WZgEjoNwVSncwF4wx/ZedMhw==

lightningcss-win32-x64-msvc@1.32.0:
  version "1.32.0"
  resolved "https://registry.yarnpkg.com/lightningcss-win32-x64-msvc/-/lightningcss-win32-x64-msvc-1.32.0.tgz#141aa5605645064928902bb4af045fa7d9f4220a"
  integrity sha512-Amq9B/SoZYdDi1kFrojnoqPLxYhQ4Wo5XiL8EVJrVsB8ARoC1PWW6VGtT0WKCemjy8aC+louJnjS7U18x3b06Q==

lightningcss@1.31.1:
  version "1.31.1"
  resolved "https://registry.yarnpkg.com/lightningcss/-/lightningcss-1.31.1.tgz#1a19dd327b547a7eda1d5c296ebe1e72df5a184b"
  integrity sha512-l51N2r93WmGUye3WuFoN5k10zyvrVs0qfKBhyC5ogUQ6Ew6JUSswh78mbSO+IU3nTWsyOArqPCcShdQSadghBQ==
  dependencies:
    detect-libc "^2.0.3"
  optionalDependencies:
    lightningcss-android-arm64 "1.31.1"
    lightningcss-darwin-arm64 "1.31.1"
    lightningcss-darwin-x64 "1.31.1"
    lightningcss-freebsd-x64 "1.31.1"
    lightningcss-linux-arm-gnueabihf "1.31.1"
    lightningcss-linux-arm64-gnu "1.31.1"
    lightningcss-linux-arm64-musl "1.31.1"
    lightningcss-linux-x64-gnu "1.31.1"
    lightningcss-linux-x64-musl "1.31.1"
    lightningcss-win32-arm64-msvc "1.31.1"
    lightningcss-win32-x64-msvc "1.31.1"

lightningcss@^1.32.0:
  version "1.32.0"
  resolved "https://registry.yarnpkg.com/lightningcss/-/lightningcss-1.32.0.tgz#b85aae96486dcb1bf49a7c8571221273f4f1e4a9"
  integrity sha512-NXYBzinNrblfraPGyrbPoD19C1h9lfI/1mzgWYvXUTe414Gz/X1FD2XBZSZM7rRTrMA8JL3OtAaGifrIKhQ5yQ==
  dependencies:
    detect-libc "^2.0.3"
  optionalDependencies:
    lightningcss-android-arm64 "1.32.0"
    lightningcss-darwin-arm64 "1.32.0"
    lightningcss-darwin-x64 "1.32.0"
    lightningcss-freebsd-x64 "1.32.0"
    lightningcss-linux-arm-gnueabihf "1.32.0"
    lightningcss-linux-arm64-gnu "1.32.0"
    lightningcss-linux-arm64-musl "1.32.0"
    lightningcss-linux-x64-gnu "1.32.0"
    lightningcss-linux-x64-musl "1.32.0"
    lightningcss-win32-arm64-msvc "1.32.0"
    lightningcss-win32-x64-msvc "1.32.0"

locate-character@^3.0.0:
  version "3.0.0"
  resolved "https://registry.yarnpkg.com/locate-character/-/locate-character-3.0.0.tgz#0305c5b8744f61028ef5d01f444009e00779f974"
  integrity sha512-SW13ws7BjaeJ6p7Q6CO2nchbYEc3X3J6WrmTTDto7yMPqVSZTUyY5Tjbid+Ab8gLnATtygYtiDIJGQRRn2ZOiA==

magic-string@^0.30.11, magic-string@^0.30.21, magic-string@^0.30.5:
  version "0.30.21"
  resolved "https://registry.yarnpkg.com/magic-string/-/magic-string-0.30.21.tgz#56763ec09a0fa8091df27879fd94d19078c00d91"
  integrity sha512-vd2F4YUyEXKGcLHoq+TEyCjxueSeHnFxyyjNp80yg0XV4vUhnDer/lvvlqM/arB5bXQN5K2/3oinyCRyx8T2CQ==
  dependencies:
    "@jridgewell/sourcemap-codec" "^1.5.5"

mini-svg-data-uri@^1.2.3:
  version "1.4.4"
  resolved "https://registry.yarnpkg.com/mini-svg-data-uri/-/mini-svg-data-uri-1.4.4.tgz#8ab0aabcdf8c29ad5693ca595af19dd2ead09939"
  integrity sha512-r9deDe9p5FJUPZAk3A59wGH7Ii9YrjjWw0jmw/liSbHl2CHiyXj6FcDXDu2K3TjVAXqiJdaw3xxwlZZr9E6nHg==

mri@^1.1.0:
  version "1.2.0"
  resolved "https://registry.yarnpkg.com/mri/-/mri-1.2.0.tgz#6721480fec2a11a4889861115a48b6cbe7cc8f0b"
  integrity sha512-tzzskb3bG8LvYGFF/mDTpq3jpI6Q9wc3LEmBaghu+DdCssd1FakN7Bc0hVNmEyGq1bq3RgfkCb3cmQLpNPOroA==

mrmime@^2.0.0:
  version "2.0.1"
  resolved "https://registry.yarnpkg.com/mrmime/-/mrmime-2.0.1.tgz#bc3e87f7987853a54c9850eeb1f1078cd44adddc"
  integrity sha512-Y3wQdFg2Va6etvQ5I82yUhGdsKrcYox6p7FfL1LbK2J4V01F9TGlepTIhnK24t7koZibmg82KGglhA1XK5IsLQ==

nanoid@^3.3.11:
  version "3.3.11"
  resolved "https://registry.yarnpkg.com/nanoid/-/nanoid-3.3.11.tgz#4f4f112cefbe303202f2199838128936266d185b"
  integrity sha512-N8SpfPUnUp1bK+PMYW8qSWdl9U+wwNWI4QKxOYDy9JAro3WMX7p2OeVRF9v+347pnakNevPmiHhNmZ2HbFA76w==

obug@^2.1.0:
  version "2.1.1"
  resolved "https://registry.yarnpkg.com/obug/-/obug-2.1.1.tgz#2cba74ff241beb77d63055ddf4cd1e9f90b538be"
  integrity sha512-uTqF9MuPraAQ+IsnPf366RG4cP9RtUi7MLO1N3KEc+wb0a6yKpeL0lmk2IB1jY5KHPAlTc6T/JRdC/YqxHNwkQ==

picocolors@^1.0.0, picocolors@^1.1.1:
  version "1.1.1"
  resolved "https://registry.yarnpkg.com/picocolors/-/picocolors-1.1.1.tgz#3d321af3eab939b083c8f929a1d12cda81c26b6b"
  integrity sha512-xceH2snhtb5M9liqDsmEw56le376mTZkEX/jEb/RxNFyegNul7eNslCXP9FDj/Lcu0X8KEyMceP2ntpaHrDEVA==

picomatch@^4.0.3:
  version "4.0.3"
  resolved "https://registry.yarnpkg.com/picomatch/-/picomatch-4.0.3.tgz#796c76136d1eead715db1e7bad785dedd695a042"
  integrity sha512-5gTmgEY/sqK6gFXLIsQNH19lWb4ebPDLA4SdLP7dsWkIXHWlG66oPuVvXSGFPppYZz8ZDZq0dYYrbHfBCVUb1Q==

postcss-selector-parser@6.0.10:
  version "6.0.10"
  resolved "https://registry.yarnpkg.com/postcss-selector-parser/-/postcss-selector-parser-6.0.10.tgz#79b61e2c0d1bfc2602d549e11d0876256f8df88d"
  integrity sha512-IQ7TZdoaqbT+LCpShg46jnZVlhWD2w6iQYAcYXfHARZ7X1t/UGhhceQDs5X0cGqKvYlHNOuv7Oa1xmb0oQuA3w==
  dependencies:
    cssesc "^3.0.0"
    util-deprecate "^1.0.2"

postcss@^8.5.8:
  version "8.5.8"
  resolved "https://registry.yarnpkg.com/postcss/-/postcss-8.5.8.tgz#6230ecc8fb02e7a0f6982e53990937857e13f399"
  integrity sha512-OW/rX8O/jXnm82Ey1k44pObPtdblfiuWnrd8X7GJ7emImCOstunGbXUpp7HdBrFQX6rJzn3sPT397Wp5aCwCHg==
  dependencies:
    nanoid "^3.3.11"
    picocolors "^1.1.1"
    source-map-js "^1.2.1"

prettier-plugin-svelte@^3.4.0:
  version "3.5.1"
  resolved "https://registry.yarnpkg.com/prettier-plugin-svelte/-/prettier-plugin-svelte-3.5.1.tgz#b5ab0ba6547369d16695ac9334cadf42b6af6304"
  integrity sha512-65+fr5+cgIKWKiqM1Doum4uX6bY8iFCdztvvp2RcF+AJoieaw9kJOFMNcJo/bkmKYsxFaM9OsVZK/gWauG/5mg==

prettier-plugin-tailwindcss@^0.7.2:
  version "0.7.2"
  resolved "https://registry.yarnpkg.com/prettier-plugin-tailwindcss/-/prettier-plugin-tailwindcss-0.7.2.tgz#8de2039fc0363b8532ef5a2d3fc9e2c1b6ca3bd4"
  integrity sha512-LkphyK3Fw+q2HdMOoiEHWf93fNtYJwfamoKPl7UwtjFQdei/iIBoX11G6j706FzN3ymX9mPVi97qIY8328vdnA==

prettier@^3.7.4:
  version "3.8.1"
  resolved "https://registry.yarnpkg.com/prettier/-/prettier-3.8.1.tgz#edf48977cf991558f4fcbd8a3ba6015ba2a3a173"
  integrity sha512-UOnG6LftzbdaHZcKoPFtOcCKztrQ57WkHDeRD9t/PTQtmT0NHSeWWepj6pS0z/N7+08BHFDQVUrfmfMRcZwbMg==

readdirp@^4.0.1:
  version "4.1.2"
  resolved "https://registry.yarnpkg.com/readdirp/-/readdirp-4.1.2.tgz#eb85801435fbf2a7ee58f19e0921b068fc69948d"
  integrity sha512-GDhwkLfywWL2s6vEjyhri+eXmfH6j1L7JE27WhqLeYzoh/A3DBaYGEj2H/HFZCn/kMfim73FXxEJTw06WtxQwg==

rolldown@1.0.0-rc.9:
  version "1.0.0-rc.9"
  resolved "https://registry.yarnpkg.com/rolldown/-/rolldown-1.0.0-rc.9.tgz#5a0d3e194f2bcc7a134870b174042fcaed463689"
  integrity sha512-9EbgWge7ZH+yqb4d2EnELAntgPTWbfL8ajiTW+SyhJEC4qhBbkCKbqFV4Ge4zmu5ziQuVbWxb/XwLZ+RIO7E8Q==
  dependencies:
    "@oxc-project/types" "=0.115.0"
    "@rolldown/pluginutils" "1.0.0-rc.9"
  optionalDependencies:
    "@rolldown/binding-android-arm64" "1.0.0-rc.9"
    "@rolldown/binding-darwin-arm64" "1.0.0-rc.9"
    "@rolldown/binding-darwin-x64" "1.0.0-rc.9"
    "@rolldown/binding-freebsd-x64" "1.0.0-rc.9"
    "@rolldown/binding-linux-arm-gnueabihf" "1.0.0-rc.9"
    "@rolldown/binding-linux-arm64-gnu" "1.0.0-rc.9"
    "@rolldown/binding-linux-arm64-musl" "1.0.0-rc.9"
    "@rolldown/binding-linux-ppc64-gnu" "1.0.0-rc.9"
    "@rolldown/binding-linux-s390x-gnu" "1.0.0-rc.9"
    "@rolldown/binding-linux-x64-gnu" "1.0.0-rc.9"
    "@rolldown/binding-linux-x64-musl" "1.0.0-rc.9"
    "@rolldown/binding-openharmony-arm64" "1.0.0-rc.9"
    "@rolldown/binding-wasm32-wasi" "1.0.0-rc.9"
    "@rolldown/binding-win32-arm64-msvc" "1.0.0-rc.9"
    "@rolldown/binding-win32-x64-msvc" "1.0.0-rc.9"

sade@^1.7.4:
  version "1.8.1"
  resolved "https://registry.yarnpkg.com/sade/-/sade-1.8.1.tgz#0a78e81d658d394887be57d2a409bf703a3b2701"
  integrity sha512-xal3CZX1Xlo/k4ApwCFrHVACi9fBqJ7V+mwhBsuf/1IOKbBy098Fex+Wa/5QMubw09pSZ/u8EY8PWgevJsXp1A==
  dependencies:
    mri "^1.1.0"

set-cookie-parser@^3.0.0:
  version "3.0.1"
  resolved "https://registry.yarnpkg.com/set-cookie-parser/-/set-cookie-parser-3.0.1.tgz#a902ea39d692837bcfd7160891f06b2427321a18"
  integrity sha512-n7Z7dXZhJbwuAHhNzkTti6Aw9QDDjZtm3JTpTGATIdNzdQz5GuFs22w90BcvF4INfnrL5xrX3oGsuqO5Dx3A1Q==

sirv@^3.0.0:
  version "3.0.2"
  resolved "https://registry.yarnpkg.com/sirv/-/sirv-3.0.2.tgz#f775fccf10e22a40832684848d636346f41cd970"
  integrity sha512-2wcC/oGxHis/BoHkkPwldgiPSYcpZK3JU28WoMVv55yHJgcZ8rlXvuG9iZggz+sU1d4bRgIGASwyWqjxu3FM0g==
  dependencies:
    "@polka/url" "^1.0.0-next.24"
    mrmime "^2.0.0"
    totalist "^3.0.0"

source-map-js@^1.2.1:
  version "1.2.1"
  resolved "https://registry.yarnpkg.com/source-map-js/-/source-map-js-1.2.1.tgz#1ce5650fddd87abc099eda37dcff024c2667ae46"
  integrity sha512-UXWMKhLOwVKb728IUtQPXxfYU+usdybtUrK/8uGE8CQMvrhOpwvzDBwj0QhSL7MQc7vIsISBG8VQ8+IDQxpfQA==

svelte-check@^4.3.4:
  version "4.4.5"
  resolved "https://registry.yarnpkg.com/svelte-check/-/svelte-check-4.4.5.tgz#a48ad6c5b372b9ba4bddd72b2d46c22765502c31"
  integrity sha512-1bSwIRCvvmSHrlK52fOlZmVtUZgil43jNL/2H18pRpa+eQjzGt6e3zayxhp1S7GajPFKNM/2PMCG+DZFHlG9fw==
  dependencies:
    "@jridgewell/trace-mapping" "^0.3.25"
    chokidar "^4.0.1"
    fdir "^6.2.0"
    picocolors "^1.0.0"
    sade "^1.7.4"

svelte@^5.45.6:
  version "5.53.12"
  resolved "https://registry.yarnpkg.com/svelte/-/svelte-5.53.12.tgz#18a70416755a1d9ed4db2b08f9e5373ef282843c"
  integrity sha512-4x/uk4rQe/d7RhfvS8wemTfNjQ0bJbKvamIzRBfTe2eHHjzBZ7PZicUQrC2ryj83xxEacfA1zHKd1ephD1tAxA==
  dependencies:
    "@jridgewell/remapping" "^2.3.4"
    "@jridgewell/sourcemap-codec" "^1.5.0"
    "@sveltejs/acorn-typescript" "^1.0.5"
    "@types/estree" "^1.0.5"
    "@types/trusted-types" "^2.0.7"
    acorn "^8.12.1"
    aria-query "5.3.1"
    axobject-query "^4.1.0"
    clsx "^2.1.1"
    devalue "^5.6.4"
    esm-env "^1.2.1"
    esrap "^2.2.2"
    is-reference "^3.0.3"
    locate-character "^3.0.0"
    magic-string "^0.30.11"
    zimmerframe "^1.1.2"

tailwindcss@4.2.1, tailwindcss@^4.1.17:
  version "4.2.1"
  resolved "https://registry.yarnpkg.com/tailwindcss/-/tailwindcss-4.2.1.tgz#018c4720b58baf98a6bf56b0a12aa797c6cfef1d"
  integrity sha512-/tBrSQ36vCleJkAOsy9kbNTgaxvGbyOamC30PRePTQe/o1MFwEKHQk4Cn7BNGaPtjp+PuUrByJehM1hgxfq4sw==

tapable@^2.3.0:
  version "2.3.0"
  resolved "https://registry.yarnpkg.com/tapable/-/tapable-2.3.0.tgz#7e3ea6d5ca31ba8e078b560f0d83ce9a14aa8be6"
  integrity sha512-g9ljZiwki/LfxmQADO3dEY1CbpmXT5Hm2fJ+QaGKwSXUylMybePR7/67YW7jOrrvjEgL1Fmz5kzyAjWVWLlucg==

tinyglobby@^0.2.15:
  version "0.2.15"
  resolved "https://registry.yarnpkg.com/tinyglobby/-/tinyglobby-0.2.15.tgz#e228dd1e638cea993d2fdb4fcd2d4602a79951c2"
  integrity sha512-j2Zq4NyQYG5XMST4cbs02Ak8iJUdxRM0XI5QyxXuZOzKOINmWurp3smXu3y5wDcJrptwpSjgXHzIQxR0omXljQ==
  dependencies:
    fdir "^6.5.0"
    picomatch "^4.0.3"

totalist@^3.0.0:
  version "3.0.1"
  resolved "https://registry.yarnpkg.com/totalist/-/totalist-3.0.1.tgz#ba3a3d600c915b1a97872348f79c127475f6acf8"
  integrity sha512-sf4i37nQ2LBx4m3wB74y+ubopq6W/dIzXg0FDGjsYnZHVa1Da8FH853wlL2gtUhg+xJXjfk3kUZS3BRoQeoQBQ==

tslib@^2.4.0, tslib@^2.8.1:
  version "2.8.1"
  resolved "https://registry.yarnpkg.com/tslib/-/tslib-2.8.1.tgz#612efe4ed235d567e8aba5f2a5fab70280ade83f"
  integrity sha512-oJFu94HQb+KVduSUQL7wnpmqnfmLsOA/nAh6b6EH0wCEoK0/mPeXU6c3wKDV83MkOuHPRHtSXKKU99IBazS/2w==

typescript@^5.9.3:
  version "5.9.3"
  resolved "https://registry.yarnpkg.com/typescript/-/typescript-5.9.3.tgz#5b4f59e15310ab17a216f5d6cf53ee476ede670f"
  integrity sha512-jl1vZzPDinLr9eUt3J/t7V6FgNEw9QjvBPdysz9KfQDD41fQrC2Y4vKQdiaUpFT4bXlb1RHhLpp8wtm6M5TgSw==

util-deprecate@^1.0.2:
  version "1.0.2"
  resolved "https://registry.yarnpkg.com/util-deprecate/-/util-deprecate-1.0.2.tgz#450d4dc9fa70de732762fbd2d4a28981419a0ccf"
  integrity sha512-EPD5q1uXyFxJpCrLnCc1nHnq3gOa6DZBocAIiI2TaSCA7VCJ1UJDMagCzIkXNsUYfD1daK//LTEQ8xiIbrHtcw==

vite@^8.0.0:
  version "8.0.0"
  resolved "https://registry.yarnpkg.com/vite/-/vite-8.0.0.tgz#d749f9bf5be196635982bc16ec0c6faf2b31f3a4"
  integrity sha512-fPGaRNj9Zytaf8LEiBhY7Z6ijnFKdzU/+mL8EFBaKr7Vw1/FWcTBAMW0wLPJAGMPX38ZPVCVgLceWiEqeoqL2Q==
  dependencies:
    "@oxc-project/runtime" "0.115.0"
    lightningcss "^1.32.0"
    picomatch "^4.0.3"
    postcss "^8.5.8"
    rolldown "1.0.0-rc.9"
    tinyglobby "^0.2.15"
  optionalDependencies:
    fsevents "~2.3.3"

vitefu@^1.1.1:
  version "1.1.2"
  resolved "https://registry.yarnpkg.com/vitefu/-/vitefu-1.1.2.tgz#b63fcf3b606170702318b8c432663a3b9030f51d"
  integrity sha512-zpKATdUbzbsycPFBN71nS2uzBUQiVnFoOrr2rvqv34S1lcAgMKKkjWleLGeiJlZ8lwCXvtWaRn7R3ZC16SYRuw==

zimmerframe@^1.1.2:
  version "1.1.4"
  resolved "https://registry.yarnpkg.com/zimmerframe/-/zimmerframe-1.1.4.tgz#0352b5cafad3ad4526b0a526a9a52d9c040d865b"
  integrity sha512-B58NGBEoc8Y9MWWCQGl/gq9xBCe4IiKM0a2x7GZdQKOW5Exr8S1W24J6OgM1njK8xCRGvAJIL/MxXHf6SkmQKQ==
