{
  "name": "frontend",
  "lockfileVersion": 3,
  "requires": true,
  "packages": {
    "": {
      "dependencies": {
        "ag-grid-community": "^35.1.0",
        "ag-grid-svelte": "^0.3.0"
      }
    },
    "node_modules/ag-charts-types": {
      "version": "13.1.0",
      "resolved": "https://registry.npmjs.org/ag-charts-types/-/ag-charts-types-13.1.0.tgz",
      "integrity": "sha512-DytRM3CXli+Y013SC1Mr8lQBrhVTACK+11ilDHOhwUM0sRpmGuR51XFGcBKOliW1Vas1AycP31Cm3Pp0jx3hqw==",
      "license": "MIT"
    },
    "node_modules/ag-grid-community": {
      "version": "35.1.0",
      "resolved": "https://registry.npmjs.org/ag-grid-community/-/ag-grid-community-35.1.0.tgz",
      "integrity": "sha512-yWFQfRNjv3KUBkHHzFdDOYGjPcDMU0B8Up4qG651diFlGRUGEGVs94SK73niWvk1FDZdpV9oWrwq3f30/qAoVg==",
      "license": "MIT",
      "dependencies": {
        "ag-charts-types": "13.1.0"
      }
    },
    "node_modules/ag-grid-svelte": {
      "version": "0.3.0",
      "resolved": "https://registry.npmjs.org/ag-grid-svelte/-/ag-grid-svelte-0.3.0.tgz",
      "integrity": "sha512-jaEwHqhZPeNtPgXTlUQ7URVbuU1eGqkGs4L7S7aLPzfDJORmAOZQYmWmHEulTN9WpbGQstScS+ACyT07uUMXwQ==",
      "license": "MIT",
      "peerDependencies": {
        "ag-grid-community": "^28 || ^29 || ^30",
        "svelte": "^3"
      }
    }
  }
}
